
Microsoft Visual Studio Solution File, Format Version 12.00
# Visual Studio Version 17
VisualStudioVersion = 17.9.34902.65
MinimumVisualStudioVersion = 10.0.40219.1
Project("{FAE04EC0-301F-11D3-BF4B-00C04F79EFBC}") = "6_25_24", "6_25_24\6_25_24.csproj", "{D0440A2E-B45E-4EE1-B44B-1F97EDB30CCD}"
EndProject
Global
	GlobalSection(SolutionConfigurationPlatforms) = preSolution
		Debug|Any CPU = Debug|Any CPU
		Release|Any CPU = Release|Any CPU
	EndGlobalSection
	GlobalSection(ProjectConfigurationPlatforms) = postSolution
		{D0440A2E-B45E-4EE1-B44B-1F97EDB30CCD}.Debug|Any CPU.ActiveCfg = Debug|Any CPU
		{D0440A2E-B45E-4EE1-B44B-1F97EDB30CCD}.Debug|Any CPU.Build.0 = Debug|Any CPU
		{D0440A2E-B45E-4EE1-B44B-1F97EDB30CCD}.Release|Any CPU.ActiveCfg = Release|Any CPU
		{D0440A2E-B45E-4EE1-B44B-1F97EDB30CCD}.Release|Any CPU.Build.0 = Release|Any CPU
	EndGlobalSection
	GlobalSection(SolutionProperties) = preSolution
		HideSolutionNode = FALSE
	EndGlobalSection
	GlobalSection(ExtensibilityGlobals) = postSolution
		SolutionGuid = {A699F6E4-847A-4B60-9EA7-9B837E30ACF9}
	EndGlobalSection
EndGlobal
